
Microsoft Visual Studio Solution File, Format Version 12.00
# Visual Studio Version 17
VisualStudioVersion = 17.10.35122.118
MinimumVisualStudioVersion = 10.0.40219.1
Project("{FAE04EC0-301F-11D3-BF4B-00C04F79EFBC}") = "Arrays", "Arrays\Arrays.csproj", "{1C0490D3-95B9-447D-9EDA-A497D516601A}"
EndProject
Global
	GlobalSection(SolutionConfigurationPlatforms) = preSolution
		Debug|Any CPU = Debug|Any CPU
		Release|Any CPU = Release|Any CPU
	EndGlobalSection
	GlobalSection(ProjectConfigurationPlatforms) = postSolution
		{1C0490D3-95B9-447D-9EDA-A497D516601A}.Debug|Any CPU.ActiveCfg = Debug|Any CPU
		{1C0490D3-95B9-447D-9EDA-A497D516601A}.Debug|Any CPU.Build.0 = Debug|Any CPU
		{1C0490D3-95B9-447D-9EDA-A497D516601A}.Release|Any CPU.ActiveCfg = Release|Any CPU
		{1C0490D3-95B9-447D-9EDA-A497D516601A}.Release|Any CPU.Build.0 = Release|Any CPU
	EndGlobalSection
	GlobalSection(SolutionProperties) = preSolution
		HideSolutionNode = FALSE
	EndGlobalSection
	GlobalSection(ExtensibilityGlobals) = postSolution
		SolutionGuid = {D31107FF-2850-451D-9313-911CFD2D3C25}
	EndGlobalSection
EndGlobal
