
Microsoft Visual Studio Solution File, Format Version 12.00
# Visual Studio Version 17
VisualStudioVersion = 17.10.35122.118
MinimumVisualStudioVersion = 10.0.40219.1
Project("{FAE04EC0-301F-11D3-BF4B-00C04F79EFBC}") = "CalculatorConsoleApp", "CalculatorConsoleApp\CalculatorConsoleApp.csproj", "{32B86F1E-B348-41BD-A00E-FA7D527A9902}"
EndProject
Global
	GlobalSection(SolutionConfigurationPlatforms) = preSolution
		Debug|Any CPU = Debug|Any CPU
		Release|Any CPU = Release|Any CPU
	EndGlobalSection
	GlobalSection(ProjectConfigurationPlatforms) = postSolution
		{32B86F1E-B348-41BD-A00E-FA7D527A9902}.Debug|Any CPU.ActiveCfg = Debug|Any CPU
		{32B86F1E-B348-41BD-A00E-FA7D527A9902}.Debug|Any CPU.Build.0 = Debug|Any CPU
		{32B86F1E-B348-41BD-A00E-FA7D527A9902}.Release|Any CPU.ActiveCfg = Release|Any CPU
		{32B86F1E-B348-41BD-A00E-FA7D527A9902}.Release|Any CPU.Build.0 = Release|Any CPU
	EndGlobalSection
	GlobalSection(SolutionProperties) = preSolution
		HideSolutionNode = FALSE
	EndGlobalSection
	GlobalSection(ExtensibilityGlobals) = postSolution
		SolutionGuid = {6A9AA796-DFDC-4D1B-83C4-9096A3C6D8C1}
	EndGlobalSection
EndGlobal
